// !$*UTF8*$!
{
	archiveVersion = 1;
	classes = {
	};
	objectVersion = 46;
	objects = {

/* Begin PBXBuildFile section */
		4008D2E816BE38DD004A152E /* UIKit.framework in Frameworks */ = {isa = PBXBuildFile; fileRef = 4008D2E716BE38DD004A152E /* UIKit.framework */; };
		4008D2EA16BE38DD004A152E /* Foundation.framework in Frameworks */ = {isa = PBXBuildFile; fileRef = 4008D2E916BE38DD004A152E /* Foundation.framework */; };
		4008D2EC16BE38DD004A152E /* CoreGraphics.framework in Frameworks */ = {isa = PBXBuildFile; fileRef = 4008D2EB16BE38DD004A152E /* CoreGraphics.framework */; };
		4008D2F216BE38DD004A152E /* InfoPlist.strings in Resources */ = {isa = PBXBuildFile; fileRef = 4008D2F016BE38DD004A152E /* InfoPlist.strings */; };
		4008D2F416BE38DD004A152E /* main.m in Sources */ = {isa = PBXBuildFile; fileRef = 4008D2F316BE38DD004A152E /* main.m */; };
		4008D2F816BE38DD004A152E /* iTennisAppDelegate.m in Sources */ = {isa = PBXBuildFile; fileRef = 4008D2F716BE38DD004A152E /* iTennisAppDelegate.m */; };
		4008D2FA16BE38DD004A152E /* Default.png in Resources */ = {isa = PBXBuildFile; fileRef = 4008D2F916BE38DD004A152E /* Default.png */; };
		4008D2FC16BE38DD004A152E /* Default@2x.png in Resources */ = {isa = PBXBuildFile; fileRef = 4008D2FB16BE38DD004A152E /* Default@2x.png */; };
		4008D2FE16BE38DD004A152E /* Default-568h@2x.png in Resources */ = {isa = PBXBuildFile; fileRef = 4008D2FD16BE38DD004A152E /* Default-568h@2x.png */; };
		4008D30116BE38DD004A152E /* iTennisViewController.m in Sources */ = {isa = PBXBuildFile; fileRef = 4008D30016BE38DD004A152E /* iTennisViewController.m */; };
		4008D30416BE38DD004A152E /* iTennisViewController.xib in Resources */ = {isa = PBXBuildFile; fileRef = 4008D30216BE38DD004A152E /* iTennisViewController.xib */; };
/* End PBXBuildFile section */

/* Begin PBXFileReference section */
		4008D2E316BE38DD004A152E /* iTennis.app */ = {isa = PBXFileReference; explicitFileType = wrapper.application; includeInIndex = 0; path = iTennis.app; sourceTree = BUILT_PRODUCTS_DIR; };
		4008D2E716BE38DD004A152E /* UIKit.framework */ = {isa = PBXFileReference; lastKnownFileType = wrapper.framework; name = UIKit.framework; path = System/Library/Frameworks/UIKit.framework; sourceTree = SDKROOT; };
		4008D2E916BE38DD004A152E /* Foundation.framework */ = {isa = PBXFileReference; lastKnownFileType = wrapper.framework; name = Foundation.framework; path = System/Library/Frameworks/Foundation.framework; sourceTree = SDKROOT; };
		4008D2EB16BE38DD004A152E /* CoreGraphics.framework */ = {isa = PBXFileReference; lastKnownFileType = wrapper.framework; name = CoreGraphics.framework; path = System/Library/Frameworks/CoreGraphics.framework; sourceTree = SDKROOT; };
		4008D2EF16BE38DD004A152E /* iTennis-Info.plist */ = {isa = PBXFileReference; lastKnownFileType = text.plist.xml; path = "iTennis-Info.plist"; sourceTree = "<group>"; };
		4008D2F116BE38DD004A152E /* en */ = {isa = PBXFileReference; lastKnownFileType = text.plist.strings; name = en; path = en.lproj/InfoPlist.strings; sourceTree = "<group>"; };
		4008D2F316BE38DD004A152E /* main.m */ = {isa = PBXFileReference; lastKnownFileType = sourcecode.c.objc; path = main.m; sourceTree = "<group>"; };
		4008D2F516BE38DD004A152E /* iTennis-Prefix.pch */ = {isa = PBXFileReference; lastKnownFileType = sourcecode.c.h; path = "iTennis-Prefix.pch"; sourceTree = "<group>"; };
		4008D2F616BE38DD004A152E /* iTennisAppDelegate.h */ = {isa = PBXFileReference; lastKnownFileType = sourcecode.c.h; path = iTennisAppDelegate.h; sourceTree = "<group>"; };
		4008D2F716BE38DD004A152E /* iTennisAppDelegate.m */ = {isa = PBXFileReference; lastKnownFileType = sourcecode.c.objc; path = iTennisAppDelegate.m; sourceTree = "<group>"; };
		4008D2F916BE38DD004A152E /* Default.png */ = {isa = PBXFileReference; lastKnownFileType = image.png; path = Default.png; sourceTree = "<group>"; };
		4008D2FB16BE38DD004A152E /* Default@2x.png */ = {isa = PBXFileReference; lastKnownFileType = image.png; path = "Default@2x.png"; sourceTree = "<group>"; };
		4008D2FD16BE38DD004A152E /* Default-568h@2x.png */ = {isa = PBXFileReference; lastKnownFileType = image.png; path = "Default-568h@2x.png"; sourceTree = "<group>"; };
		4008D2FF16BE38DD004A152E /* iTennisViewController.h */ = {isa = PBXFileReference; lastKnownFileType = sourcecode.c.h; path = iTennisViewController.h; sourceTree = "<group>"; };
		4008D30016BE38DD004A152E /* iTennisViewController.m */ = {isa = PBXFileReference; lastKnownFileType = sourcecode.c.objc; path = iTennisViewController.m; sourceTree = "<group>"; };
		4008D30316BE38DD004A152E /* en */ = {isa = PBXFileReference; lastKnownFileType = file.xib; name = en; path = en.lproj/iTennisViewController.xib; sourceTree = "<group>"; };
/* End PBXFileReference section */

/* Begin PBXFrameworksBuildPhase section */
		4008D2E016BE38DD004A152E /* Frameworks */ = {
			isa = PBXFrameworksBuildPhase;
			buildActionMask = 2147483647;
			files = (
				4008D2E816BE38DD004A152E /* UIKit.framework in Frameworks */,
				4008D2EA16BE38DD004A152E /* Foundation.framework in Frameworks */,
				4008D2EC16BE38DD004A152E /* CoreGraphics.framework in Frameworks */,
			);
			runOnlyForDeploymentPostprocessing = 0;
		};
/* End PBXFrameworksBuildPhase section */

/* Begin PBXGroup section */
		4008D2D816BE38DD004A152E = {
			isa = PBXGroup;
			children = (
				4008D2ED16BE38DD004A152E /* iTennis */,
				4008D2E616BE38DD004A152E /* Frameworks */,
				4008D2E416BE38DD004A152E /* Products */,
			);
			sourceTree = "<group>";
		};
		4008D2E416BE38DD004A152E /* Products */ = {
			isa = PBXGroup;
			children = (
				4008D2E316BE38DD004A152E /* iTennis.app */,
			);
			name = Products;
			sourceTree = "<group>";
		};
		4008D2E616BE38DD004A152E /* Frameworks */ = {
			isa = PBXGroup;
			children = (
				4008D2E716BE38DD004A152E /* UIKit.framework */,
				4008D2E916BE38DD004A152E /* Foundation.framework */,
				4008D2EB16BE38DD004A152E /* CoreGraphics.framework */,
			);
			name = Frameworks;
			sourceTree = "<group>";
		};
		4008D2ED16BE38DD004A152E /* iTennis */ = {
			isa = PBXGroup;
			children = (
				4008D2F616BE38DD004A152E /* iTennisAppDelegate.h */,
				4008D2F716BE38DD004A152E /* iTennisAppDelegate.m */,
				4008D2FF16BE38DD004A152E /* iTennisViewController.h */,
				4008D30016BE38DD004A152E /* iTennisViewController.m */,
				4008D30216BE38DD004A152E /* iTennisViewController.xib */,
				4008D2EE16BE38DD004A152E /* Supporting Files */,
			);
			path = iTennis;
			sourceTree = "<group>";
		};
		4008D2EE16BE38DD004A152E /* Supporting Files */ = {
			isa = PBXGroup;
			children = (
				4008D2EF16BE38DD004A152E /* iTennis-Info.plist */,
				4008D2F016BE38DD004A152E /* InfoPlist.strings */,
				4008D2F316BE38DD004A152E /* main.m */,
				4008D2F516BE38DD004A152E /* iTennis-Prefix.pch */,
				4008D2F916BE38DD004A152E /* Default.png */,
				4008D2FB16BE38DD004A152E /* Default@2x.png */,
				4008D2FD16BE38DD004A152E /* Default-568h@2x.png */,
			);
			name = "Supporting Files";
			sourceTree = "<group>";
		};
/* End PBXGroup section */

/* Begin PBXNativeTarget section */
		4008D2E216BE38DD004A152E /* iTennis */ = {
			isa = PBXNativeTarget;
			buildConfigurationList = 4008D30716BE38DD004A152E /* Build configuration list for PBXNativeTarget "iTennis" */;
			buildPhases = (
				4008D2DF16BE38DD004A152E /* Sources */,
				4008D2E016BE38DD004A152E /* Frameworks */,
				4008D2E116BE38DD004A152E /* Resources */,
			);
			buildRules = (
			);
			dependencies = (
			);
			name = iTennis;
			productName = iTennis;
			productReference = 4008D2E316BE38DD004A152E /* iTennis.app */;
			productType = "com.apple.product-type.application";
		};
/* End PBXNativeTarget section */

/* Begin PBXProject section */
		4008D2DA16BE38DD004A152E /* Project object */ = {
			isa = PBXProject;
			attributes = {
				CLASSPREFIX = iTennis;
				LastUpgradeCheck = 0450;
				ORGANIZATIONNAME = MGP;
			};
			buildConfigurationList = 4008D2DD16BE38DD004A152E /* Build configuration list for PBXProject "iTennis" */;
			compatibilityVersion = "Xcode 3.2";
			developmentRegion = English;
			hasScannedForEncodings = 0;
			knownRegions = (
				en,
			);
			mainGroup = 4008D2D816BE38DD004A152E;
			productRefGroup = 4008D2E416BE38DD004A152E /* Products */;
			projectDirPath = "";
			projectRoot = "";
			targets = (
				4008D2E216BE38DD004A152E /* iTennis */,
			);
		};
/* End PBXProject section */

/* Begin PBXResourcesBuildPhase section */
		4008D2E116BE38DD004A152E /* Resources */ = {
			isa = PBXResourcesBuildPhase;
			buildActionMask = 2147483647;
			files = (
				4008D2F216BE38DD004A152E /* InfoPlist.strings in Resources */,
				4008D2FA16BE38DD004A152E /* Default.png in Resources */,
				4008D2FC16BE38DD004A152E /* Default@2x.png in Resources */,
				4008D2FE16BE38DD004A152E /* Default-568h@2x.png in Resources */,
				4008D30416BE38DD004A152E /* iTennisViewController.xib in Resources */,
			);
			runOnlyForDeploymentPostprocessing = 0;
		};
/* End PBXResourcesBuildPhase section */

/* Begin PBXSourcesBuildPhase section */
		4008D2DF16BE38DD004A152E /* Sources */ = {
			isa = PBXSourcesBuildPhase;
			buildActionMask = 2147483647;
			files = (
				4008D2F416BE38DD004A152E /* main.m in Sources */,
				4008D2F816BE38DD004A152E /* iTennisAppDelegate.m in Sources */,
				4008D30116BE38DD004A152E /* iTennisViewController.m in Sources */,
			);
			runOnlyForDeploymentPostprocessing = 0;
		};
/* End PBXSourcesBuildPhase section */

/* Begin PBXVariantGroup section */
		4008D2F016BE38DD004A152E /* InfoPlist.strings */ = {
			isa = PBXVariantGroup;
			children = (
				4008D2F116BE38DD004A152E /* en */,
			);
			name = InfoPlist.strings;
			sourceTree = "<group>";
		};
		4008D30216BE38DD004A152E /* iTennisViewController.xib */ = {
			isa = PBXVariantGroup;
			children = (
				4008D30316BE38DD004A152E /* en */,
			);
			name = iTennisViewController.xib;
			sourceTree = "<group>";
		};
/* End PBXVariantGroup section */

/* Begin XCBuildConfiguration section */
		4008D30516BE38DD004A152E /* Debug */ = {
			isa = XCBuildConfiguration;
			buildSettings = {
				ALWAYS_SEARCH_USER_PATHS = NO;
				CLANG_CXX_LANGUAGE_STANDARD = "gnu++0x";
				CLANG_CXX_LIBRARY = "libc++";
				CLANG_WARN_EMPTY_BODY = YES;
				CLANG_WARN__DUPLICATE_METHOD_MATCH = YES;
				"CODE_SIGN_IDENTITY[sdk=iphoneos*]" = "iPhone Developer";
				COPY_PHASE_STRIP = NO;
				GCC_C_LANGUAGE_STANDARD = gnu99;
				GCC_DYNAMIC_NO_PIC = NO;
				GCC_OPTIMIZATION_LEVEL = 0;
				GCC_PREPROCESSOR_DEFINITIONS = (
					"DEBUG=1",
					"$(inherited)",
				);
				GCC_SYMBOLS_PRIVATE_EXTERN = NO;
				GCC_WARN_ABOUT_RETURN_TYPE = YES;
				GCC_WARN_UNINITIALIZED_AUTOS = YES;
				GCC_WARN_UNUSED_VARIABLE = YES;
				IPHONEOS_DEPLOYMENT_TARGET = 6.0;
				ONLY_ACTIVE_ARCH = YES;
				SDKROOT = iphoneos;
			};
			name = Debug;
		};
		4008D30616BE38DD004A152E /* Release */ = {
			isa = XCBuildConfiguration;
			buildSettings = {
				ALWAYS_SEARCH_USER_PATHS = NO;
				CLANG_CXX_LANGUAGE_STANDARD = "gnu++0x";
				CLANG_CXX_LIBRARY = "libc++";
				CLANG_WARN_EMPTY_BODY = YES;
				CLANG_WARN__DUPLICATE_METHOD_MATCH = YES;
				"CODE_SIGN_IDENTITY[sdk=iphoneos*]" = "iPhone Developer";
				COPY_PHASE_STRIP = YES;
				GCC_C_LANGUAGE_STANDARD = gnu99;
				GCC_WARN_ABOUT_RETURN_TYPE = YES;
				GCC_WARN_UNINITIALIZED_AUTOS = YES;
				GCC_WARN_UNUSED_VARIABLE = YES;
				IPHONEOS_DEPLOYMENT_TARGET = 6.0;
				OTHER_CFLAGS = "-DNS_BLOCK_ASSERTIONS=1";
				SDKROOT = iphoneos;
				VALIDATE_PRODUCT = YES;
			};
			name = Release;
		};
		4008D30816BE38DD004A152E /* Debug */ = {
			isa = XCBuildConfiguration;
			buildSettings = {
				GCC_PRECOMPILE_PREFIX_HEADER = YES;
				GCC_PREFIX_HEADER = "iTennis/iTennis-Prefix.pch";
				INFOPLIST_FILE = "iTennis/iTennis-Info.plist";
				PRODUCT_NAME = "$(TARGET_NAME)";
				WRAPPER_EXTENSION = app;
			};
			name = Debug;
		};
		4008D30916BE38DD004A152E /* Release */ = {
			isa = XCBuildConfiguration;
			buildSettings = {
				GCC_PRECOMPILE_PREFIX_HEADER = YES;
				GCC_PREFIX_HEADER = "iTennis/iTennis-Prefix.pch";
				INFOPLIST_FILE = "iTennis/iTennis-Info.plist";
				PRODUCT_NAME = "$(TARGET_NAME)";
				WRAPPER_EXTENSION = app;
			};
			name = Release;
		};
/* End XCBuildConfiguration section */

/* Begin XCConfigurationList section */
		4008D2DD16BE38DD004A152E /* Build configuration list for PBXProject "iTennis" */ = {
			isa = XCConfigurationList;
			buildConfigurations = (
				4008D30516BE38DD004A152E /* Debug */,
				4008D30616BE38DD004A152E /* Release */,
			);
			defaultConfigurationIsVisible = 0;
			defaultConfigurationName = Release;
		};
		4008D30716BE38DD004A152E /* Build configuration list for PBXNativeTarget "iTennis" */ = {
			isa = XCConfigurationList;
			buildConfigurations = (
				4008D30816BE38DD004A152E /* Debug */,
				4008D30916BE38DD004A152E /* Release */,
			);
			defaultConfigurationIsVisible = 0;
		};
/* End XCConfigurationList section */
	};
	rootObject = 4008D2DA16BE38DD004A152E /* Project object */;
}
